// !$*UTF8*$!
{
	archiveVersion = 1;
	classes = {
	};
	objectVersion = 52;
	objects = {

/* Begin PBXBuildFile section */
		A43BBF602583993800D82319 /* PhotosService.swift in Sources */ = {isa = PBXBuildFile; fileRef = A43BBF5F2583993800D82319 /* PhotosService.swift */; };
		A43BBF6825839B0200D82319 /* HomeView.swift in Sources */ = {isa = PBXBuildFile; fileRef = A43BBF6725839B0200D82319 /* HomeView.swift */; };
		A43BBF6B25839B4400D82319 /* HomeViewModel.swift in Sources */ = {isa = PBXBuildFile; fileRef = A43BBF6A25839B4400D82319 /* HomeViewModel.swift */; };
		A43BBF6F2583A03D00D82319 /* SDWebImageSwiftUI in Frameworks */ = {isa = PBXBuildFile; productRef = A43BBF6E2583A03D00D82319 /* SDWebImageSwiftUI */; };
		A46EC32D25879C4400D3125B /* HomeDownloadSheet.swift in Sources */ = {isa = PBXBuildFile; fileRef = A46EC32C25879C4400D3125B /* HomeDownloadSheet.swift */; };
		A4B16A672582535E0025B0D0 /* AnSplashApp.swift in Sources */ = {isa = PBXBuildFile; fileRef = A4B16A662582535E0025B0D0 /* AnSplashApp.swift */; };
		A4B16A692582535E0025B0D0 /* ContentView.swift in Sources */ = {isa = PBXBuildFile; fileRef = A4B16A682582535E0025B0D0 /* ContentView.swift */; };
		A4B16A6B2582535F0025B0D0 /* Assets.xcassets in Resources */ = {isa = PBXBuildFile; fileRef = A4B16A6A2582535F0025B0D0 /* Assets.xcassets */; };
		A4B16A6E2582535F0025B0D0 /* Preview Assets.xcassets in Resources */ = {isa = PBXBuildFile; fileRef = A4B16A6D2582535F0025B0D0 /* Preview Assets.xcassets */; };
		A4B16A7E258253B60025B0D0 /* APIKey.swift in Sources */ = {isa = PBXBuildFile; fileRef = A4B16A7D258253B60025B0D0 /* APIKey.swift */; };
		A4B16A822582562C0025B0D0 /* PhotoResponse.swift in Sources */ = {isa = PBXBuildFile; fileRef = A4B16A812582562C0025B0D0 /* PhotoResponse.swift */; };
		A4B16A87258256EE0025B0D0 /* CommonUtils.swift in Sources */ = {isa = PBXBuildFile; fileRef = A4B16A86258256EE0025B0D0 /* CommonUtils.swift */; };
		A4B16A8B2582577A0025B0D0 /* Date+Extensions.swift in Sources */ = {isa = PBXBuildFile; fileRef = A4B16A8A2582577A0025B0D0 /* Date+Extensions.swift */; };
		A4B16A8E258258AA0025B0D0 /* URLs.swift in Sources */ = {isa = PBXBuildFile; fileRef = A4B16A8D258258AA0025B0D0 /* URLs.swift */; };
		A4B16A92258259190025B0D0 /* Links.swift in Sources */ = {isa = PBXBuildFile; fileRef = A4B16A91258259190025B0D0 /* Links.swift */; };
		A4B16A95258259D40025B0D0 /* Sponsorship.swift in Sources */ = {isa = PBXBuildFile; fileRef = A4B16A94258259D40025B0D0 /* Sponsorship.swift */; };
		A4B16A9925825A090025B0D0 /* User.swift in Sources */ = {isa = PBXBuildFile; fileRef = A4B16A9825825A090025B0D0 /* User.swift */; };
		A4B16AA125825BFC0025B0D0 /* APIService.swift in Sources */ = {isa = PBXBuildFile; fileRef = A4B16AA025825BFC0025B0D0 /* APIService.swift */; };
		A4B16AA425825C2A0025B0D0 /* APIError.swift in Sources */ = {isa = PBXBuildFile; fileRef = A4B16AA325825C2A0025B0D0 /* APIError.swift */; };
		A4B16AA725825C4C0025B0D0 /* APISession.swift in Sources */ = {isa = PBXBuildFile; fileRef = A4B16AA625825C4C0025B0D0 /* APISession.swift */; };
/* End PBXBuildFile section */

/* Begin PBXFileReference section */
		A4027B1B258636E400F2DE31 /* README.md */ = {isa = PBXFileReference; lastKnownFileType = net.daringfireball.markdown; path = README.md; sourceTree = "<group>"; };
		A43BBF5F2583993800D82319 /* PhotosService.swift */ = {isa = PBXFileReference; lastKnownFileType = sourcecode.swift; path = PhotosService.swift; sourceTree = "<group>"; };
		A43BBF6725839B0200D82319 /* HomeView.swift */ = {isa = PBXFileReference; lastKnownFileType = sourcecode.swift; path = HomeView.swift; sourceTree = "<group>"; };
		A43BBF6A25839B4400D82319 /* HomeViewModel.swift */ = {isa = PBXFileReference; lastKnownFileType = sourcecode.swift; path = HomeViewModel.swift; sourceTree = "<group>"; };
		A46EC32C25879C4400D3125B /* HomeDownloadSheet.swift */ = {isa = PBXFileReference; lastKnownFileType = sourcecode.swift; path = HomeDownloadSheet.swift; sourceTree = "<group>"; };
		A4B16A632582535E0025B0D0 /* AnSplash.app */ = {isa = PBXFileReference; explicitFileType = wrapper.application; includeInIndex = 0; path = AnSplash.app; sourceTree = BUILT_PRODUCTS_DIR; };
		A4B16A662582535E0025B0D0 /* AnSplashApp.swift */ = {isa = PBXFileReference; lastKnownFileType = sourcecode.swift; path = AnSplashApp.swift; sourceTree = "<group>"; };
		A4B16A682582535E0025B0D0 /* ContentView.swift */ = {isa = PBXFileReference; lastKnownFileType = sourcecode.swift; path = ContentView.swift; sourceTree = "<group>"; };
		A4B16A6A2582535F0025B0D0 /* Assets.xcassets */ = {isa = PBXFileReference; lastKnownFileType = folder.assetcatalog; path = Assets.xcassets; sourceTree = "<group>"; };
		A4B16A6D2582535F0025B0D0 /* Preview Assets.xcassets */ = {isa = PBXFileReference; lastKnownFileType = folder.assetcatalog; path = "Preview Assets.xcassets"; sourceTree = "<group>"; };
		A4B16A6F2582535F0025B0D0 /* Info.plist */ = {isa = PBXFileReference; lastKnownFileType = text.plist.xml; path = Info.plist; sourceTree = "<group>"; };
		A4B16A702582535F0025B0D0 /* AnSplash.entitlements */ = {isa = PBXFileReference; lastKnownFileType = text.plist.entitlements; path = AnSplash.entitlements; sourceTree = "<group>"; };
		A4B16A7D258253B60025B0D0 /* APIKey.swift */ = {isa = PBXFileReference; lastKnownFileType = sourcecode.swift; path = APIKey.swift; sourceTree = "<group>"; };
		A4B16A812582562C0025B0D0 /* PhotoResponse.swift */ = {isa = PBXFileReference; lastKnownFileType = sourcecode.swift; path = PhotoResponse.swift; sourceTree = "<group>"; };
		A4B16A86258256EE0025B0D0 /* CommonUtils.swift */ = {isa = PBXFileReference; lastKnownFileType = sourcecode.swift; path = CommonUtils.swift; sourceTree = "<group>"; };
		A4B16A8A2582577A0025B0D0 /* Date+Extensions.swift */ = {isa = PBXFileReference; lastKnownFileType = sourcecode.swift; path = "Date+Extensions.swift"; sourceTree = "<group>"; };
		A4B16A8D258258AA0025B0D0 /* URLs.swift */ = {isa = PBXFileReference; lastKnownFileType = sourcecode.swift; path = URLs.swift; sourceTree = "<group>"; };
		A4B16A91258259190025B0D0 /* Links.swift */ = {isa = PBXFileReference; lastKnownFileType = sourcecode.swift; path = Links.swift; sourceTree = "<group>"; };
		A4B16A94258259D40025B0D0 /* Sponsorship.swift */ = {isa = PBXFileReference; lastKnownFileType = sourcecode.swift; path = Sponsorship.swift; sourceTree = "<group>"; };
		A4B16A9825825A090025B0D0 /* User.swift */ = {isa = PBXFileReference; lastKnownFileType = sourcecode.swift; path = User.swift; sourceTree = "<group>"; };
		A4B16AA025825BFC0025B0D0 /* APIService.swift */ = {isa = PBXFileReference; lastKnownFileType = sourcecode.swift; path = APIService.swift; sourceTree = "<group>"; };
		A4B16AA325825C2A0025B0D0 /* APIError.swift */ = {isa = PBXFileReference; lastKnownFileType = sourcecode.swift; path = APIError.swift; sourceTree = "<group>"; };
		A4B16AA625825C4C0025B0D0 /* APISession.swift */ = {isa = PBXFileReference; lastKnownFileType = sourcecode.swift; path = APISession.swift; sourceTree = "<group>"; };
/* End PBXFileReference section */

/* Begin PBXFrameworksBuildPhase section */
		A4B16A602582535E0025B0D0 /* Frameworks */ = {
			isa = PBXFrameworksBuildPhase;
			buildActionMask = 2147483647;
			files = (
				A43BBF6F2583A03D00D82319 /* SDWebImageSwiftUI in Frameworks */,
			);
			runOnlyForDeploymentPostprocessing = 0;
		};
/* End PBXFrameworksBuildPhase section */

/* Begin PBXGroup section */
		A43BBF5E2583992400D82319 /* Services */ = {
			isa = PBXGroup;
			children = (
				A43BBF5F2583993800D82319 /* PhotosService.swift */,
			);
			path = Services;
			sourceTree = "<group>";
		};
		A4B16A5A2582535E0025B0D0 = {
			isa = PBXGroup;
			children = (
				A4027B1B258636E400F2DE31 /* README.md */,
				A4B16A652582535E0025B0D0 /* AnSplash */,
				A4B16A642582535E0025B0D0 /* Products */,
			);
			sourceTree = "<group>";
		};
		A4B16A642582535E0025B0D0 /* Products */ = {
			isa = PBXGroup;
			children = (
				A4B16A632582535E0025B0D0 /* AnSplash.app */,
			);
			name = Products;
			sourceTree = "<group>";
		};
		A4B16A652582535E0025B0D0 /* AnSplash */ = {
			isa = PBXGroup;
			children = (
				A4B16A7B258253A50025B0D0 /* Core */,
				A4B16A7A258253980025B0D0 /* Models */,
				A4B16A79258253900025B0D0 /* View Models */,
				A4B16A782582538C0025B0D0 /* Views */,
				A4B16A77258253840025B0D0 /* Application */,
				A4B16A6C2582535F0025B0D0 /* Preview Content */,
			);
			path = AnSplash;
			sourceTree = "<group>";
		};
		A4B16A6C2582535F0025B0D0 /* Preview Content */ = {
			isa = PBXGroup;
			children = (
				A4B16A6D2582535F0025B0D0 /* Preview Assets.xcassets */,
			);
			path = "Preview Content";
			sourceTree = "<group>";
		};
		A4B16A77258253840025B0D0 /* Application */ = {
			isa = PBXGroup;
			children = (
				A4B16A662582535E0025B0D0 /* AnSplashApp.swift */,
				A4B16A682582535E0025B0D0 /* ContentView.swift */,
				A4B16A6A2582535F0025B0D0 /* Assets.xcassets */,
				A4B16A6F2582535F0025B0D0 /* Info.plist */,
				A4B16A702582535F0025B0D0 /* AnSplash.entitlements */,
			);
			name = Application;
			sourceTree = "<group>";
		};
		A4B16A782582538C0025B0D0 /* Views */ = {
			isa = PBXGroup;
			children = (
				A43BBF6725839B0200D82319 /* HomeView.swift */,
				A46EC32C25879C4400D3125B /* HomeDownloadSheet.swift */,
			);
			path = Views;
			sourceTree = "<group>";
		};
		A4B16A79258253900025B0D0 /* View Models */ = {
			isa = PBXGroup;
			children = (
				A43BBF6A25839B4400D82319 /* HomeViewModel.swift */,
			);
			path = "View Models";
			sourceTree = "<group>";
		};
		A4B16A7A258253980025B0D0 /* Models */ = {
			isa = PBXGroup;
			children = (
				A4B16A812582562C0025B0D0 /* PhotoResponse.swift */,
				A4B16A8D258258AA0025B0D0 /* URLs.swift */,
				A4B16A91258259190025B0D0 /* Links.swift */,
				A4B16A94258259D40025B0D0 /* Sponsorship.swift */,
				A4B16A9825825A090025B0D0 /* User.swift */,
			);
			path = Models;
			sourceTree = "<group>";
		};
		A4B16A7B258253A50025B0D0 /* Core */ = {
			isa = PBXGroup;
			children = (
				A4B16A7C258253A90025B0D0 /* API */,
				A43BBF5E2583992400D82319 /* Services */,
				A4B16A84258256BF0025B0D0 /* Helpers */,
				A4B16A85258256C60025B0D0 /* Extensions */,
			);
			path = Core;
			sourceTree = "<group>";
		};
		A4B16A7C258253A90025B0D0 /* API */ = {
			isa = PBXGroup;
			children = (
				A4B16A7D258253B60025B0D0 /* APIKey.swift */,
				A4B16AA025825BFC0025B0D0 /* APIService.swift */,
				A4B16AA325825C2A0025B0D0 /* APIError.swift */,
				A4B16AA625825C4C0025B0D0 /* APISession.swift */,
			);
			path = API;
			sourceTree = "<group>";
		};
		A4B16A84258256BF0025B0D0 /* Helpers */ = {
			isa = PBXGroup;
			children = (
				A4B16A86258256EE0025B0D0 /* CommonUtils.swift */,
			);
			path = Helpers;
			sourceTree = "<group>";
		};
		A4B16A85258256C60025B0D0 /* Extensions */ = {
			isa = PBXGroup;
			children = (
				A4B16A8A2582577A0025B0D0 /* Date+Extensions.swift */,
			);
			path = Extensions;
			sourceTree = "<group>";
		};
/* End PBXGroup section */

/* Begin PBXNativeTarget section */
		A4B16A622582535E0025B0D0 /* AnSplash */ = {
			isa = PBXNativeTarget;
			buildConfigurationList = A4B16A732582535F0025B0D0 /* Build configuration list for PBXNativeTarget "AnSplash" */;
			buildPhases = (
				A4B16A5F2582535E0025B0D0 /* Sources */,
				A4B16A602582535E0025B0D0 /* Frameworks */,
				A4B16A612582535E0025B0D0 /* Resources */,
			);
			buildRules = (
			);
			dependencies = (
			);
			name = AnSplash;
			packageProductDependencies = (
				A43BBF6E2583A03D00D82319 /* SDWebImageSwiftUI */,
			);
			productName = AnSplash;
			productReference = A4B16A632582535E0025B0D0 /* AnSplash.app */;
			productType = "com.apple.product-type.application";
		};
/* End PBXNativeTarget section */

/* Begin PBXProject section */
		A4B16A5B2582535E0025B0D0 /* Project object */ = {
			isa = PBXProject;
			attributes = {
				LastSwiftUpdateCheck = 1220;
				LastUpgradeCheck = 1220;
				TargetAttributes = {
					A4B16A622582535E0025B0D0 = {
						CreatedOnToolsVersion = 12.2;
					};
				};
			};
			buildConfigurationList = A4B16A5E2582535E0025B0D0 /* Build configuration list for PBXProject "AnSplash" */;
			compatibilityVersion = "Xcode 9.3";
			developmentRegion = en;
			hasScannedForEncodings = 0;
			knownRegions = (
				en,
				Base,
			);
			mainGroup = A4B16A5A2582535E0025B0D0;
			packageReferences = (
				A43BBF6D2583A03D00D82319 /* XCRemoteSwiftPackageReference "SDWebImageSwiftUI" */,
			);
			productRefGroup = A4B16A642582535E0025B0D0 /* Products */;
			projectDirPath = "";
			projectRoot = "";
			targets = (
				A4B16A622582535E0025B0D0 /* AnSplash */,
			);
		};
/* End PBXProject section */

/* Begin PBXResourcesBuildPhase section */
		A4B16A612582535E0025B0D0 /* Resources */ = {
			isa = PBXResourcesBuildPhase;
			buildActionMask = 2147483647;
			files = (
				A4B16A6E2582535F0025B0D0 /* Preview Assets.xcassets in Resources */,
				A4B16A6B2582535F0025B0D0 /* Assets.xcassets in Resources */,
			);
			runOnlyForDeploymentPostprocessing = 0;
		};
/* End PBXResourcesBuildPhase section */

/* Begin PBXSourcesBuildPhase section */
		A4B16A5F2582535E0025B0D0 /* Sources */ = {
			isa = PBXSourcesBuildPhase;
			buildActionMask = 2147483647;
			files = (
				A4B16A9925825A090025B0D0 /* User.swift in Sources */,
				A4B16A95258259D40025B0D0 /* Sponsorship.swift in Sources */,
				A4B16A692582535E0025B0D0 /* ContentView.swift in Sources */,
				A43BBF6B25839B4400D82319 /* HomeViewModel.swift in Sources */,
				A43BBF6825839B0200D82319 /* HomeView.swift in Sources */,
				A4B16A87258256EE0025B0D0 /* CommonUtils.swift in Sources */,
				A46EC32D25879C4400D3125B /* HomeDownloadSheet.swift in Sources */,
				A43BBF602583993800D82319 /* PhotosService.swift in Sources */,
				A4B16AA125825BFC0025B0D0 /* APIService.swift in Sources */,
				A4B16AA425825C2A0025B0D0 /* APIError.swift in Sources */,
				A4B16A8E258258AA0025B0D0 /* URLs.swift in Sources */,
				A4B16A7E258253B60025B0D0 /* APIKey.swift in Sources */,
				A4B16A672582535E0025B0D0 /* AnSplashApp.swift in Sources */,
				A4B16A822582562C0025B0D0 /* PhotoResponse.swift in Sources */,
				A4B16A8B2582577A0025B0D0 /* Date+Extensions.swift in Sources */,
				A4B16A92258259190025B0D0 /* Links.swift in Sources */,
				A4B16AA725825C4C0025B0D0 /* APISession.swift in Sources */,
			);
			runOnlyForDeploymentPostprocessing = 0;
		};
/* End PBXSourcesBuildPhase section */

/* Begin XCBuildConfiguration section */
		A4B16A712582535F0025B0D0 /* Debug */ = {
			isa = XCBuildConfiguration;
			buildSettings = {
				ALWAYS_SEARCH_USER_PATHS = NO;
				CLANG_ANALYZER_NONNULL = YES;
				CLANG_ANALYZER_NUMBER_OBJECT_CONVERSION = YES_AGGRESSIVE;
				CLANG_CXX_LANGUAGE_STANDARD = "gnu++14";
				CLANG_CXX_LIBRARY = "libc++";
				CLANG_ENABLE_MODULES = YES;
				CLANG_ENABLE_OBJC_ARC = YES;
				CLANG_ENABLE_OBJC_WEAK = YES;
				CLANG_WARN_BLOCK_CAPTURE_AUTORELEASING = YES;
				CLANG_WARN_BOOL_CONVERSION = YES;
				CLANG_WARN_COMMA = YES;
				CLANG_WARN_CONSTANT_CONVERSION = YES;
				CLANG_WARN_DEPRECATED_OBJC_IMPLEMENTATIONS = YES;
				CLANG_WARN_DIRECT_OBJC_ISA_USAGE = YES_ERROR;
				CLANG_WARN_DOCUMENTATION_COMMENTS = YES;
				CLANG_WARN_EMPTY_BODY = YES;
				CLANG_WARN_ENUM_CONVERSION = YES;
				CLANG_WARN_INFINITE_RECURSION = YES;
				CLANG_WARN_INT_CONVERSION = YES;
				CLANG_WARN_NON_LITERAL_NULL_CONVERSION = YES;
				CLANG_WARN_OBJC_IMPLICIT_RETAIN_SELF = YES;
				CLANG_WARN_OBJC_LITERAL_CONVERSION = YES;
				CLANG_WARN_OBJC_ROOT_CLASS = YES_ERROR;
				CLANG_WARN_QUOTED_INCLUDE_IN_FRAMEWORK_HEADER = YES;
				CLANG_WARN_RANGE_LOOP_ANALYSIS = YES;
				CLANG_WARN_STRICT_PROTOTYPES = YES;
				CLANG_WARN_SUSPICIOUS_MOVE = YES;
				CLANG_WARN_UNGUARDED_AVAILABILITY = YES_AGGRESSIVE;
				CLANG_WARN_UNREACHABLE_CODE = YES;
				CLANG_WARN__DUPLICATE_METHOD_MATCH = YES;
				COPY_PHASE_STRIP = NO;
				DEBUG_INFORMATION_FORMAT = dwarf;
				ENABLE_STRICT_OBJC_MSGSEND = YES;
				ENABLE_TESTABILITY = YES;
				GCC_C_LANGUAGE_STANDARD = gnu11;
				GCC_DYNAMIC_NO_PIC = NO;
				GCC_NO_COMMON_BLOCKS = YES;
				GCC_OPTIMIZATION_LEVEL = 0;
				GCC_PREPROCESSOR_DEFINITIONS = (
					"DEBUG=1",
					"$(inherited)",
				);
				GCC_WARN_64_TO_32_BIT_CONVERSION = YES;
				GCC_WARN_ABOUT_RETURN_TYPE = YES_ERROR;
				GCC_WARN_UNDECLARED_SELECTOR = YES;
				GCC_WARN_UNINITIALIZED_AUTOS = YES_AGGRESSIVE;
				GCC_WARN_UNUSED_FUNCTION = YES;
				GCC_WARN_UNUSED_VARIABLE = YES;
				MACOSX_DEPLOYMENT_TARGET = 11.0;
				MTL_ENABLE_DEBUG_INFO = INCLUDE_SOURCE;
				MTL_FAST_MATH = YES;
				ONLY_ACTIVE_ARCH = YES;
				SDKROOT = macosx;
				SWIFT_ACTIVE_COMPILATION_CONDITIONS = DEBUG;
				SWIFT_OPTIMIZATION_LEVEL = "-Onone";
			};
			name = Debug;
		};
		A4B16A722582535F0025B0D0 /* Release */ = {
			isa = XCBuildConfiguration;
			buildSettings = {
				ALWAYS_SEARCH_USER_PATHS = NO;
				CLANG_ANALYZER_NONNULL = YES;
				CLANG_ANALYZER_NUMBER_OBJECT_CONVERSION = YES_AGGRESSIVE;
				CLANG_CXX_LANGUAGE_STANDARD = "gnu++14";
				CLANG_CXX_LIBRARY = "libc++";
				CLANG_ENABLE_MODULES = YES;
				CLANG_ENABLE_OBJC_ARC = YES;
				CLANG_ENABLE_OBJC_WEAK = YES;
				CLANG_WARN_BLOCK_CAPTURE_AUTORELEASING = YES;
				CLANG_WARN_BOOL_CONVERSION = YES;
				CLANG_WARN_COMMA = YES;
				CLANG_WARN_CONSTANT_CONVERSION = YES;
				CLANG_WARN_DEPRECATED_OBJC_IMPLEMENTATIONS = YES;
				CLANG_WARN_DIRECT_OBJC_ISA_USAGE = YES_ERROR;
				CLANG_WARN_DOCUMENTATION_COMMENTS = YES;
				CLANG_WARN_EMPTY_BODY = YES;
				CLANG_WARN_ENUM_CONVERSION = YES;
				CLANG_WARN_INFINITE_RECURSION = YES;
				CLANG_WARN_INT_CONVERSION = YES;
				CLANG_WARN_NON_LITERAL_NULL_CONVERSION = YES;
				CLANG_WARN_OBJC_IMPLICIT_RETAIN_SELF = YES;
				CLANG_WARN_OBJC_LITERAL_CONVERSION = YES;
				CLANG_WARN_OBJC_ROOT_CLASS = YES_ERROR;
				CLANG_WARN_QUOTED_INCLUDE_IN_FRAMEWORK_HEADER = YES;
				CLANG_WARN_RANGE_LOOP_ANALYSIS = YES;
				CLANG_WARN_STRICT_PROTOTYPES = YES;
				CLANG_WARN_SUSPICIOUS_MOVE = YES;
				CLANG_WARN_UNGUARDED_AVAILABILITY = YES_AGGRESSIVE;
				CLANG_WARN_UNREACHABLE_CODE = YES;
				CLANG_WARN__DUPLICATE_METHOD_MATCH = YES;
				COPY_PHASE_STRIP = NO;
				DEBUG_INFORMATION_FORMAT = "dwarf-with-dsym";
				ENABLE_NS_ASSERTIONS = NO;
				ENABLE_STRICT_OBJC_MSGSEND = YES;
				GCC_C_LANGUAGE_STANDARD = gnu11;
				GCC_NO_COMMON_BLOCKS = YES;
				GCC_WARN_64_TO_32_BIT_CONVERSION = YES;
				GCC_WARN_ABOUT_RETURN_TYPE = YES_ERROR;
				GCC_WARN_UNDECLARED_SELECTOR = YES;
				GCC_WARN_UNINITIALIZED_AUTOS = YES_AGGRESSIVE;
				GCC_WARN_UNUSED_FUNCTION = YES;
				GCC_WARN_UNUSED_VARIABLE = YES;
				MACOSX_DEPLOYMENT_TARGET = 11.0;
				MTL_ENABLE_DEBUG_INFO = NO;
				MTL_FAST_MATH = YES;
				SDKROOT = macosx;
				SWIFT_COMPILATION_MODE = wholemodule;
				SWIFT_OPTIMIZATION_LEVEL = "-O";
			};
			name = Release;
		};
		A4B16A742582535F0025B0D0 /* Debug */ = {
			isa = XCBuildConfiguration;
			buildSettings = {
				ASSETCATALOG_COMPILER_APPICON_NAME = AppIcon;
				ASSETCATALOG_COMPILER_GLOBAL_ACCENT_COLOR_NAME = AccentColor;
				CODE_SIGN_ENTITLEMENTS = AnSplash/AnSplash.entitlements;
				CODE_SIGN_STYLE = Automatic;
				COMBINE_HIDPI_IMAGES = YES;
				DEVELOPMENT_ASSET_PATHS = "\"AnSplash/Preview Content\"";
				DEVELOPMENT_TEAM = 6U769Q36UT;
				ENABLE_HARDENED_RUNTIME = YES;
				ENABLE_PREVIEWS = YES;
				INFOPLIST_FILE = AnSplash/Info.plist;
				LD_RUNPATH_SEARCH_PATHS = (
					"$(inherited)",
					"@executable_path/../Frameworks",
				);
				MACOSX_DEPLOYMENT_TARGET = 11.0;
				PRODUCT_BUNDLE_IDENTIFIER = net.aaronlab.AnSplash;
				PRODUCT_NAME = "$(TARGET_NAME)";
				SWIFT_VERSION = 5.0;
			};
			name = Debug;
		};
		A4B16A752582535F0025B0D0 /* Release */ = {
			isa = XCBuildConfiguration;
			buildSettings = {
				ASSETCATALOG_COMPILER_APPICON_NAME = AppIcon;
				ASSETCATALOG_COMPILER_GLOBAL_ACCENT_COLOR_NAME = AccentColor;
				CODE_SIGN_ENTITLEMENTS = AnSplash/AnSplash.entitlements;
				CODE_SIGN_STYLE = Automatic;
				COMBINE_HIDPI_IMAGES = YES;
				DEVELOPMENT_ASSET_PATHS = "\"AnSplash/Preview Content\"";
				DEVELOPMENT_TEAM = 6U769Q36UT;
				ENABLE_HARDENED_RUNTIME = YES;
				ENABLE_PREVIEWS = YES;
				INFOPLIST_FILE = AnSplash/Info.plist;
				LD_RUNPATH_SEARCH_PATHS = (
					"$(inherited)",
					"@executable_path/../Frameworks",
				);
				MACOSX_DEPLOYMENT_TARGET = 11.0;
				PRODUCT_BUNDLE_IDENTIFIER = net.aaronlab.AnSplash;
				PRODUCT_NAME = "$(TARGET_NAME)";
				SWIFT_VERSION = 5.0;
			};
			name = Release;
		};
/* End XCBuildConfiguration section */

/* Begin XCConfigurationList section */
		A4B16A5E2582535E0025B0D0 /* Build configuration list for PBXProject "AnSplash" */ = {
			isa = XCConfigurationList;
			buildConfigurations = (
				A4B16A712582535F0025B0D0 /* Debug */,
				A4B16A722582535F0025B0D0 /* Release */,
			);
			defaultConfigurationIsVisible = 0;
			defaultConfigurationName = Release;
		};
		A4B16A732582535F0025B0D0 /* Build configuration list for PBXNativeTarget "AnSplash" */ = {
			isa = XCConfigurationList;
			buildConfigurations = (
				A4B16A742582535F0025B0D0 /* Debug */,
				A4B16A752582535F0025B0D0 /* Release */,
			);
			defaultConfigurationIsVisible = 0;
			defaultConfigurationName = Release;
		};
/* End XCConfigurationList section */

/* Begin XCRemoteSwiftPackageReference section */
		A43BBF6D2583A03D00D82319 /* XCRemoteSwiftPackageReference "SDWebImageSwiftUI" */ = {
			isa = XCRemoteSwiftPackageReference;
			repositoryURL = "https://github.com/SDWebImage/SDWebImageSwiftUI";
			requirement = {
				kind = upToNextMajorVersion;
				minimumVersion = 1.5.0;
			};
		};
/* End XCRemoteSwiftPackageReference section */

/* Begin XCSwiftPackageProductDependency section */
		A43BBF6E2583A03D00D82319 /* SDWebImageSwiftUI */ = {
			isa = XCSwiftPackageProductDependency;
			package = A43BBF6D2583A03D00D82319 /* XCRemoteSwiftPackageReference "SDWebImageSwiftUI" */;
			productName = SDWebImageSwiftUI;
		};
/* End XCSwiftPackageProductDependency section */
	};
	rootObject = A4B16A5B2582535E0025B0D0 /* Project object */;
}
